
Microsoft Visual Studio Solution File, Format Version 12.00
# Visual Studio Version 17
VisualStudioVersion = 17.10.34928.147
MinimumVisualStudioVersion = 10.0.40219.1
Project("{FAE04EC0-301F-11D3-BF4B-00C04F79EFBC}") = "InMemoryCaching.Api", "InMemoryCaching.Api\InMemoryCaching.Api.csproj", "{B57C99EB-526C-4E88-96DF-B85960F71A2B}"
EndProject
Project("{FAE04EC0-301F-11D3-BF4B-00C04F79EFBC}") = "InMemoryCaching.Domain", "InMemoryCaching.Domain\InMemoryCaching.Domain.csproj", "{597723C3-AA66-45BD-9A09-637B7F032521}"
EndProject
Project("{FAE04EC0-301F-11D3-BF4B-00C04F79EFBC}") = "InMemoryCaching.Application", "InMemoryCaching.Application\InMemoryCaching.Application.csproj", "{0D7C23C3-0E01-4316-BD07-57D404B67BC7}"
EndProject
Project("{FAE04EC0-301F-11D3-BF4B-00C04F79EFBC}") = "InMemoryCaching.Infrastructure", "InMemoryCaching.Infrastructure\InMemoryCaching.Infrastructure.csproj", "{987287CD-4DFC-4556-B11B-44E6C051B877}"
EndProject
Global
	GlobalSection(SolutionConfigurationPlatforms) = preSolution
		Debug|Any CPU = Debug|Any CPU
		Release|Any CPU = Release|Any CPU
	EndGlobalSection
	GlobalSection(ProjectConfigurationPlatforms) = postSolution
		{B57C99EB-526C-4E88-96DF-B85960F71A2B}.Debug|Any CPU.ActiveCfg = Debug|Any CPU
		{B57C99EB-526C-4E88-96DF-B85960F71A2B}.Debug|Any CPU.Build.0 = Debug|Any CPU
		{B57C99EB-526C-4E88-96DF-B85960F71A2B}.Release|Any CPU.ActiveCfg = Release|Any CPU
		{B57C99EB-526C-4E88-96DF-B85960F71A2B}.Release|Any CPU.Build.0 = Release|Any CPU
		{597723C3-AA66-45BD-9A09-637B7F032521}.Debug|Any CPU.ActiveCfg = Debug|Any CPU
		{597723C3-AA66-45BD-9A09-637B7F032521}.Debug|Any CPU.Build.0 = Debug|Any CPU
		{597723C3-AA66-45BD-9A09-637B7F032521}.Release|Any CPU.ActiveCfg = Release|Any CPU
		{597723C3-AA66-45BD-9A09-637B7F032521}.Release|Any CPU.Build.0 = Release|Any CPU
		{0D7C23C3-0E01-4316-BD07-57D404B67BC7}.Debug|Any CPU.ActiveCfg = Debug|Any CPU
		{0D7C23C3-0E01-4316-BD07-57D404B67BC7}.Debug|Any CPU.Build.0 = Debug|Any CPU
		{0D7C23C3-0E01-4316-BD07-57D404B67BC7}.Release|Any CPU.ActiveCfg = Release|Any CPU
		{0D7C23C3-0E01-4316-BD07-57D404B67BC7}.Release|Any CPU.Build.0 = Release|Any CPU
		{987287CD-4DFC-4556-B11B-44E6C051B877}.Debug|Any CPU.ActiveCfg = Debug|Any CPU
		{987287CD-4DFC-4556-B11B-44E6C051B877}.Debug|Any CPU.Build.0 = Debug|Any CPU
		{987287CD-4DFC-4556-B11B-44E6C051B877}.Release|Any CPU.ActiveCfg = Release|Any CPU
		{987287CD-4DFC-4556-B11B-44E6C051B877}.Release|Any CPU.Build.0 = Release|Any CPU
	EndGlobalSection
	GlobalSection(SolutionProperties) = preSolution
		HideSolutionNode = FALSE
	EndGlobalSection
	GlobalSection(ExtensibilityGlobals) = postSolution
		SolutionGuid = {3E2D5F6B-C202-4423-8CEE-E6EF0C849C5D}
	EndGlobalSection
EndGlobal
